
Microsoft Visual Studio Solution File, Format Version 12.00
# Visual Studio Version 17
VisualStudioVersion = 17.11.35222.181
MinimumVisualStudioVersion = 10.0.40219.1
Project("{FAE04EC0-301F-11D3-BF4B-00C04F79EFBC}") = "Bet on black", "Bet on black\Bet on black.csproj", "{949F6ACE-992F-4FC8-BA52-70BFC3203307}"
EndProject
Global
	GlobalSection(SolutionConfigurationPlatforms) = preSolution
		Debug|Any CPU = Debug|Any CPU
		Release|Any CPU = Release|Any CPU
	EndGlobalSection
	GlobalSection(ProjectConfigurationPlatforms) = postSolution
		{949F6ACE-992F-4FC8-BA52-70BFC3203307}.Debug|Any CPU.ActiveCfg = Debug|Any CPU
		{949F6ACE-992F-4FC8-BA52-70BFC3203307}.Debug|Any CPU.Build.0 = Debug|Any CPU
		{949F6ACE-992F-4FC8-BA52-70BFC3203307}.Release|Any CPU.ActiveCfg = Release|Any CPU
		{949F6ACE-992F-4FC8-BA52-70BFC3203307}.Release|Any CPU.Build.0 = Release|Any CPU
	EndGlobalSection
	GlobalSection(SolutionProperties) = preSolution
		HideSolutionNode = FALSE
	EndGlobalSection
	GlobalSection(ExtensibilityGlobals) = postSolution
		SolutionGuid = {CC97270D-ED14-4466-BC21-6B0C3E677330}
	EndGlobalSection
EndGlobal
