
Microsoft Visual Studio Solution File, Format Version 12.00
# Visual Studio Version 17
VisualStudioVersion = 17.11.35222.181
MinimumVisualStudioVersion = 10.0.40219.1
Project("{FAE04EC0-301F-11D3-BF4B-00C04F79EFBC}") = "For-Loopar", "For-Loopar\For-Loopar.csproj", "{00D38577-9C60-4E61-9DDF-D3E007A207CD}"
EndProject
Global
	GlobalSection(SolutionConfigurationPlatforms) = preSolution
		Debug|Any CPU = Debug|Any CPU
		Release|Any CPU = Release|Any CPU
	EndGlobalSection
	GlobalSection(ProjectConfigurationPlatforms) = postSolution
		{00D38577-9C60-4E61-9DDF-D3E007A207CD}.Debug|Any CPU.ActiveCfg = Debug|Any CPU
		{00D38577-9C60-4E61-9DDF-D3E007A207CD}.Debug|Any CPU.Build.0 = Debug|Any CPU
		{00D38577-9C60-4E61-9DDF-D3E007A207CD}.Release|Any CPU.ActiveCfg = Release|Any CPU
		{00D38577-9C60-4E61-9DDF-D3E007A207CD}.Release|Any CPU.Build.0 = Release|Any CPU
	EndGlobalSection
	GlobalSection(SolutionProperties) = preSolution
		HideSolutionNode = FALSE
	EndGlobalSection
	GlobalSection(ExtensibilityGlobals) = postSolution
		SolutionGuid = {9BE83B8C-226F-441B-8C7D-D8162FDBB344}
	EndGlobalSection
EndGlobal
