
Microsoft Visual Studio Solution File, Format Version 12.00
# Visual Studio Version 17
VisualStudioVersion = 17.11.35222.181
MinimumVisualStudioVersion = 10.0.40219.1
Project("{FAE04EC0-301F-11D3-BF4B-00C04F79EFBC}") = "Metoder", "Metoder\Metoder.csproj", "{0BECA079-587D-4625-8278-6940C6EE77E7}"
EndProject
Global
	GlobalSection(SolutionConfigurationPlatforms) = preSolution
		Debug|Any CPU = Debug|Any CPU
		Release|Any CPU = Release|Any CPU
	EndGlobalSection
	GlobalSection(ProjectConfigurationPlatforms) = postSolution
		{0BECA079-587D-4625-8278-6940C6EE77E7}.Debug|Any CPU.ActiveCfg = Debug|Any CPU
		{0BECA079-587D-4625-8278-6940C6EE77E7}.Debug|Any CPU.Build.0 = Debug|Any CPU
		{0BECA079-587D-4625-8278-6940C6EE77E7}.Release|Any CPU.ActiveCfg = Release|Any CPU
		{0BECA079-587D-4625-8278-6940C6EE77E7}.Release|Any CPU.Build.0 = Release|Any CPU
	EndGlobalSection
	GlobalSection(SolutionProperties) = preSolution
		HideSolutionNode = FALSE
	EndGlobalSection
	GlobalSection(ExtensibilityGlobals) = postSolution
		SolutionGuid = {155260B9-C947-42C3-AAED-6FFE7C4389CC}
	EndGlobalSection
EndGlobal
